
Microsoft Visual Studio Solution File, Format Version 12.00
# Visual Studio Version 16
VisualStudioVersion = 16.0.31205.134
MinimumVisualStudioVersion = 10.0.40219.1
Project("{FAE04EC0-301F-11D3-BF4B-00C04F79EFBC}") = "Map Veto", "Map Veto\Map Veto.csproj", "{ADA7CCBD-3619-472F-A384-530DB2383856}"
EndProject
Global
	GlobalSection(SolutionConfigurationPlatforms) = preSolution
		Debug|Any CPU = Debug|Any CPU
		Release|Any CPU = Release|Any CPU
	EndGlobalSection
	GlobalSection(ProjectConfigurationPlatforms) = postSolution
		{ADA7CCBD-3619-472F-A384-530DB2383856}.Debug|Any CPU.ActiveCfg = Debug|Any CPU
		{ADA7CCBD-3619-472F-A384-530DB2383856}.Debug|Any CPU.Build.0 = Debug|Any CPU
		{ADA7CCBD-3619-472F-A384-530DB2383856}.Release|Any CPU.ActiveCfg = Release|Any CPU
		{ADA7CCBD-3619-472F-A384-530DB2383856}.Release|Any CPU.Build.0 = Release|Any CPU
	EndGlobalSection
	GlobalSection(SolutionProperties) = preSolution
		HideSolutionNode = FALSE
	EndGlobalSection
	GlobalSection(ExtensibilityGlobals) = postSolution
		SolutionGuid = {2FD04D4C-6F1F-4EC0-BE4E-2EFDBFEE4B4B}
	EndGlobalSection
EndGlobal
